
Microsoft Visual Studio Solution File, Format Version 12.00
# Visual Studio Version 16
VisualStudioVersion = 16.0.30523.141
MinimumVisualStudioVersion = 10.0.40219.1
Project("{888888A0-9F3D-457C-B088-3A5042F75D52}") = "cv22", "cv22\cv22.pyproj", "{CD2067A1-9244-4291-B6BC-787963C63415}"
EndProject
Global
	GlobalSection(SolutionConfigurationPlatforms) = preSolution
		Debug|Any CPU = Debug|Any CPU
		Release|Any CPU = Release|Any CPU
	EndGlobalSection
	GlobalSection(ProjectConfigurationPlatforms) = postSolution
		{CD2067A1-9244-4291-B6BC-787963C63415}.Debug|Any CPU.ActiveCfg = Debug|Any CPU
		{CD2067A1-9244-4291-B6BC-787963C63415}.Release|Any CPU.ActiveCfg = Release|Any CPU
	EndGlobalSection
	GlobalSection(SolutionProperties) = preSolution
		HideSolutionNode = FALSE
	EndGlobalSection
	GlobalSection(ExtensibilityGlobals) = postSolution
		SolutionGuid = {4A26188C-D722-43D2-B4C4-FEF3059FF00F}
	EndGlobalSection
EndGlobal
